{
  "version": 2,
  "dependencies": {
    "net9.0": {
      "coverlet.collector": {
        "type": "Direct",
        "requested": "[6.0.2, )",
        "resolved": "6.0.2",
        "contentHash": "bJShQ6uWRTQ100ZeyiMqcFlhP7WJ+bCuabUs885dJiBEzMsJMSFr7BOyeCw4rgvQokteGi5rKQTlkhfQPUXg2A=="
      },
      "FluentAssertions": {
        "type": "Direct",
        "requested": "[6.12.1, )",
        "resolved": "6.12.1",
        "contentHash": "hciWwryyLw3eonfqhFpOMTXyM1/auJChYslEBA+iGJyuBs5O3t/kA8YaeH4iRo/2Fe3ElSYL86C0miivtZ0f3g==",
        "dependencies": {
          "System.Configuration.ConfigurationManager": "4.4.0"
        }
      },
      "Microsoft.Extensions.DependencyInjection": {
        "type": "Direct",
        "requested": "[9.0.8, )",
        "resolved": "9.0.8",
        "contentHash": "JJjI2Fa+QtZcUyuNjbKn04OjIUX5IgFGFu/Xc+qvzh1rXdZHLcnqqVXhR4093bGirTwacRlHiVg1XYI9xum6QQ==",
        "dependencies": {
          "Microsoft.Extensions.DependencyInjection.Abstractions": "9.0.8"
        }
      },
      "Microsoft.Extensions.Http": {
        "type": "Direct",
        "requested": "[9.0.8, )",
        "resolved": "9.0.8",
        "contentHash": "jDj+4aDByk47oESlDDTtk6LWzlXlmoCsjCn6ihd+i9OntN885aPLszUII5+w0B/7wYSZcS3KdjqLAIhKLSiBXQ==",
        "dependencies": {
          "Microsoft.Extensions.Configuration.Abstractions": "9.0.8",
          "Microsoft.Extensions.DependencyInjection.Abstractions": "9.0.8",
          "Microsoft.Extensions.Diagnostics": "9.0.8",
          "Microsoft.Extensions.Logging": "9.0.8",
          "Microsoft.Extensions.Logging.Abstractions": "9.0.8",
          "Microsoft.Extensions.Options": "9.0.8"
        }
      },
      "Microsoft.Extensions.Logging": {
        "type": "Direct",
        "requested": "[9.0.8, )",
        "resolved": "9.0.8",
        "contentHash": "Z/7ze+0iheT7FJeZPqJKARYvyC2bmwu3whbm/48BJjdlGVvgDguoCqJIkI/67NkroTYobd5geai1WheNQvWrgA==",
        "dependencies": {
          "Microsoft.Extensions.DependencyInjection": "9.0.8",
          "Microsoft.Extensions.Logging.Abstractions": "9.0.8",
          "Microsoft.Extensions.Options": "9.0.8"
        }
      },
      "Microsoft.Extensions.Logging.Abstractions": {
        "type": "Direct",
        "requested": "[9.0.8, )",
        "resolved": "9.0.8",
        "contentHash": "pYnAffJL7ARD/HCnnPvnFKSIHnTSmWz84WIlT9tPeQ4lHNiu0Az7N/8itihWvcF8sT+VVD5lq8V+ckMzu4SbOw==",
        "dependencies": {
          "Microsoft.Extensions.DependencyInjection.Abstractions": "9.0.8"
        }
      },
      "Microsoft.NET.Test.Sdk": {
        "type": "Direct",
        "requested": "[17.12.0, )",
        "resolved": "17.12.0",
        "contentHash": "kt/PKBZ91rFCWxVIJZSgVLk+YR+4KxTuHf799ho8WNiK5ZQpJNAEZCAWX86vcKrs+DiYjiibpYKdGZP6+/N17w==",
        "dependencies": {
          "Microsoft.CodeCoverage": "17.12.0",
          "Microsoft.TestPlatform.TestHost": "17.12.0"
        }
      },
      "Moq": {
        "type": "Direct",
        "requested": "[4.20.72, )",
        "resolved": "4.20.72",
        "contentHash": "EA55cjyNn8eTNWrgrdZJH5QLFp2L43oxl1tlkoYUKIE9pRwL784OWiTXeCV5ApS+AMYEAlt7Fo03A2XfouvHmQ==",
        "dependencies": {
          "Castle.Core": "5.1.1"
        }
      },
      "xunit": {
        "type": "Direct",
        "requested": "[2.9.2, )",
        "resolved": "2.9.2",
        "contentHash": "7LhFS2N9Z6Xgg8aE5lY95cneYivRMfRI8v+4PATa4S64D5Z/Plkg0qa8dTRHSiGRgVZ/CL2gEfJDE5AUhOX+2Q==",
        "dependencies": {
          "xunit.analyzers": "1.16.0",
          "xunit.assert": "2.9.2",
          "xunit.core": "[2.9.2]"
        }
      },
      "xunit.runner.visualstudio": {
        "type": "Direct",
        "requested": "[2.8.2, )",
        "resolved": "2.8.2",
        "contentHash": "vm1tbfXhFmjFMUmS4M0J0ASXz3/U5XvXBa6DOQUL3fEz4Vt6YPhv+ESCarx6M6D+9kJkJYZKCNvJMas1+nVfmQ=="
      },
      "Castle.Core": {
        "type": "Transitive",
        "resolved": "5.1.1",
        "contentHash": "rpYtIczkzGpf+EkZgDr9CClTdemhsrwA/W5hMoPjLkRFnXzH44zDLoovXeKtmxb1ykXK9aJVODSpiJml8CTw2g==",
        "dependencies": {
          "System.Diagnostics.EventLog": "6.0.0"
        }
      },
      "Microsoft.CodeCoverage": {
        "type": "Transitive",
        "resolved": "17.12.0",
        "contentHash": "4svMznBd5JM21JIG2xZKGNanAHNXplxf/kQDFfLHXQ3OnpJkayRK/TjacFjA+EYmoyuNXHo/sOETEfcYtAzIrA=="
      },
      "Microsoft.Extensions.Configuration.Abstractions": {
        "type": "Transitive",
        "resolved": "9.0.8",
        "contentHash": "yNou2KM35RvzOh4vUFtl2l33rWPvOCoba+nzEDJ+BgD8aOL/jew4WPCibQvntRfOJ2pJU8ARygSMD+pdjvDHuA==",
        "dependencies": {
          "Microsoft.Extensions.Primitives": "9.0.8"
        }
      },
      "Microsoft.Extensions.Configuration.Binder": {
        "type": "Transitive",
        "resolved": "9.0.8",
        "contentHash": "0vK9DnYrYChdiH3yRZWkkp4x4LbrfkWEdBc5HOsQ8t/0CLOWKXKkkhOE8A1shlex0hGydbGrhObeypxz/QTm+w==",
        "dependencies": {
          "Microsoft.Extensions.Configuration.Abstractions": "9.0.8"
        }
      },
      "Microsoft.Extensions.Diagnostics": {
        "type": "Transitive",
        "resolved": "9.0.8",
        "contentHash": "BKkLCFXzJvNmdngeYBf72VXoZqTJSb1orvjdzDLaGobicoGFBPW8ug2ru1nnEewMEwJzMgnsjHQY8EaKWmVhKg==",
        "dependencies": {
          "Microsoft.Extensions.Configuration": "9.0.8",
          "Microsoft.Extensions.Diagnostics.Abstractions": "9.0.8",
          "Microsoft.Extensions.Options.ConfigurationExtensions": "9.0.8"
        }
      },
      "Microsoft.Extensions.Diagnostics.Abstractions": {
        "type": "Transitive",
        "resolved": "9.0.8",
        "contentHash": "UDY7blv4DCyIJ/8CkNrQKLaAZFypXQavRZ2DWf/2zi1mxYYKKw2t8AOCBWxNntyPZHPGhtEmL3snFM98ADZqTw==",
        "dependencies": {
          "Microsoft.Extensions.DependencyInjection.Abstractions": "9.0.8",
          "Microsoft.Extensions.Options": "9.0.8"
        }
      },
      "Microsoft.Extensions.Options": {
        "type": "Transitive",
        "resolved": "9.0.8",
        "contentHash": "OmTaQ0v4gxGQkehpwWIqPoEiwsPuG/u4HUsbOFoWGx4DKET2AXzopnFe/fE608FIhzc/kcg2p8JdyMRCCUzitQ==",
        "dependencies": {
          "Microsoft.Extensions.DependencyInjection.Abstractions": "9.0.8",
          "Microsoft.Extensions.Primitives": "9.0.8"
        }
      },
      "Microsoft.Extensions.Options.ConfigurationExtensions": {
        "type": "Transitive",
        "resolved": "9.0.8",
        "contentHash": "eW2s6n06x0w6w4nsX+SvpgsFYkl+Y0CttYAt6DKUXeqprX+hzNqjSfOh637fwNJBg7wRBrOIRHe49gKiTgJxzQ==",
        "dependencies": {
          "Microsoft.Extensions.Configuration.Abstractions": "9.0.8",
          "Microsoft.Extensions.Configuration.Binder": "9.0.8",
          "Microsoft.Extensions.DependencyInjection.Abstractions": "9.0.8",
          "Microsoft.Extensions.Options": "9.0.8",
          "Microsoft.Extensions.Primitives": "9.0.8"
        }
      },
      "Microsoft.Extensions.Primitives": {
        "type": "Transitive",
        "resolved": "9.0.8",
        "contentHash": "tizSIOEsIgSNSSh+hKeUVPK7xmTIjR8s+mJWOu1KXV3htvNQiPMFRMO17OdI1y/4ZApdBVk49u/08QGC9yvLug=="
      },
      "Microsoft.TestPlatform.ObjectModel": {
        "type": "Transitive",
        "resolved": "17.12.0",
        "contentHash": "TDqkTKLfQuAaPcEb3pDDWnh7b3SyZF+/W9OZvWFp6eJCIiiYFdSB6taE2I6tWrFw5ywhzOb6sreoGJTI6m3rSQ==",
        "dependencies": {
          "System.Reflection.Metadata": "1.6.0"
        }
      },
      "Microsoft.TestPlatform.TestHost": {
        "type": "Transitive",
        "resolved": "17.12.0",
        "contentHash": "MiPEJQNyADfwZ4pJNpQex+t9/jOClBGMiCiVVFuELCMSX2nmNfvUor3uFVxNNCg30uxDP8JDYfPnMXQzsfzYyg==",
        "dependencies": {
          "Microsoft.TestPlatform.ObjectModel": "17.12.0",
          "Newtonsoft.Json": "13.0.1"
        }
      },
      "Polly.Core": {
        "type": "Transitive",
        "resolved": "8.4.2",
        "contentHash": "BpE2I6HBYYA5tF0Vn4eoQOGYTYIK1BlF5EXVgkWGn3mqUUjbXAr13J6fZVbp7Q3epRR8yshacBMlsHMhpOiV3g=="
      },
      "System.Configuration.ConfigurationManager": {
        "type": "Transitive",
        "resolved": "4.4.0",
        "contentHash": "gWwQv/Ug1qWJmHCmN17nAbxJYmQBM/E94QxKLksvUiiKB1Ld3Sc/eK1lgmbSjDFxkQhVuayI/cGFZhpBSodLrg==",
        "dependencies": {
          "System.Security.Cryptography.ProtectedData": "4.4.0"
        }
      },
      "System.Diagnostics.EventLog": {
        "type": "Transitive",
        "resolved": "6.0.0",
        "contentHash": "lcyUiXTsETK2ALsZrX+nWuHSIQeazhqPphLfaRxzdGaG93+0kELqpgEHtwWOlQe7+jSFnKwaCAgL4kjeZCQJnw=="
      },
      "System.Reflection.Metadata": {
        "type": "Transitive",
        "resolved": "1.6.0",
        "contentHash": "COC1aiAJjCoA5GBF+QKL2uLqEBew4JsCkQmoHKbN3TlOZKa2fKLz5CpiRQKDz0RsAOEGsVKqOD5bomsXq/4STQ=="
      },
      "System.Security.Cryptography.ProtectedData": {
        "type": "Transitive",
        "resolved": "4.4.0",
        "contentHash": "cJV7ScGW7EhatRsjehfvvYVBvtiSMKgN8bOVI0bQhnF5bU7vnHVIsH49Kva7i7GWaWYvmEzkYVk1TC+gZYBEog=="
      },
      "xunit.abstractions": {
        "type": "Transitive",
        "resolved": "2.0.3",
        "contentHash": "pot1I4YOxlWjIb5jmwvvQNbTrZ3lJQ+jUGkGjWE3hEFM0l5gOnBWS+H3qsex68s5cO52g+44vpGzhAt+42vwKg=="
      },
      "xunit.analyzers": {
        "type": "Transitive",
        "resolved": "1.16.0",
        "contentHash": "hptYM7vGr46GUIgZt21YHO4rfuBAQS2eINbFo16CV/Dqq+24Tp+P5gDCACu1AbFfW4Sp/WRfDPSK8fmUUb8s0Q=="
      },
      "xunit.assert": {
        "type": "Transitive",
        "resolved": "2.9.2",
        "contentHash": "QkNBAQG4pa66cholm28AxijBjrmki98/vsEh4Sx5iplzotvPgpiotcxqJQMRC8d7RV7nIT8ozh97957hDnZwsQ=="
      },
      "xunit.core": {
        "type": "Transitive",
        "resolved": "2.9.2",
        "contentHash": "O6RrNSdmZ0xgEn5kT927PNwog5vxTtKrWMihhhrT0Sg9jQ7iBDciYOwzBgP2krBEk5/GBXI18R1lKvmnxGcb4w==",
        "dependencies": {
          "xunit.extensibility.core": "[2.9.2]",
          "xunit.extensibility.execution": "[2.9.2]"
        }
      },
      "xunit.extensibility.core": {
        "type": "Transitive",
        "resolved": "2.9.2",
        "contentHash": "Ol+KlBJz1x8BrdnhN2DeOuLrr1I/cTwtHCggL9BvYqFuVd/TUSzxNT5O0NxCIXth30bsKxgMfdqLTcORtM52yQ==",
        "dependencies": {
          "xunit.abstractions": "2.0.3"
        }
      },
      "xunit.extensibility.execution": {
        "type": "Transitive",
        "resolved": "2.9.2",
        "contentHash": "rKMpq4GsIUIJibXuZoZ8lYp5EpROlnYaRpwu9Zr0sRZXE7JqJfEEbCsUriZqB+ByXCLFBJyjkTRULMdC+U566g==",
        "dependencies": {
          "xunit.extensibility.core": "[2.9.2]"
        }
      },
      "apibase": {
        "type": "Project",
        "dependencies": {
          "Microsoft.Extensions.Http": "[9.0.8, )",
          "Microsoft.Extensions.Http.Polly": "[9.0.8, )",
          "Newtonsoft.Json": "[13.0.3, )",
          "Polly": "[8.4.2, )",
          "Polly.Extensions.Http": "[3.0.0, )"
        }
      },
      "azuredevopsapi": {
        "type": "Project",
        "dependencies": {
          "ApiBase": "[1.0.0, )",
          "Microsoft.Extensions.DependencyInjection.Abstractions": "[9.0.8, )",
          "Microsoft.Extensions.Http": "[9.0.8, )",
          "Microsoft.Extensions.Http.Polly": "[9.0.8, )",
          "Microsoft.Extensions.Logging.Abstractions": "[9.0.8, )",
          "Newtonsoft.Json": "[13.0.3, )",
          "Polly": "[8.4.2, )",
          "Polly.Extensions.Http": "[3.0.0, )"
        }
      },
      "Microsoft.Extensions.Configuration": {
        "type": "CentralTransitive",
        "requested": "[9.0.8, )",
        "resolved": "9.0.8",
        "contentHash": "6m+8Xgmf8UWL0p/oGqBM+0KbHE5/ePXbV1hKXgC59zEv0aa0DW5oiiyxDbK5kH5j4gIvyD5uWL0+HadKBJngvQ==",
        "dependencies": {
          "Microsoft.Extensions.Configuration.Abstractions": "9.0.8",
          "Microsoft.Extensions.Primitives": "9.0.8"
        }
      },
      "Microsoft.Extensions.DependencyInjection.Abstractions": {
        "type": "CentralTransitive",
        "requested": "[9.0.8, )",
        "resolved": "9.0.8",
        "contentHash": "xY3lTjj4+ZYmiKIkyWitddrp1uL5uYiweQjqo4BKBw01ZC4HhcfgLghDpPZcUlppgWAFqFy9SgkiYWOMx365pw=="
      },
      "Microsoft.Extensions.Http.Polly": {
        "type": "CentralTransitive",
        "requested": "[9.0.8, )",
        "resolved": "9.0.8",
        "contentHash": "gnhe4zmvQO0ZnaLulWDcLTahHEocPJbjminXAHECDWo7/G4GCdthw2MKfefRsJi1kk88GDQd69QGwMDkApuPvw==",
        "dependencies": {
          "Microsoft.Extensions.Http": "9.0.8",
          "Polly": "7.2.4",
          "Polly.Extensions.Http": "3.0.0"
        }
      },
      "Newtonsoft.Json": {
        "type": "CentralTransitive",
        "requested": "[13.0.3, )",
        "resolved": "13.0.3",
        "contentHash": "HrC5BXdl00IP9zeV+0Z848QWPAoCr9P3bDEZguI+gkLcBKAOxix/tLEAAHC+UvDNPv4a2d18lOReHMOagPa+zQ=="
      },
      "Polly": {
        "type": "CentralTransitive",
        "requested": "[8.4.2, )",
        "resolved": "8.4.2",
        "contentHash": "/qfe/eoHQ9tJOGVmJ/y+fUvK5nHDrS0EZ/DguwYXGN8gnDwlUWdmPqUqoj0PJvg8awELac+9YL7W0GOd1vTORg==",
        "dependencies": {
          "Polly.Core": "8.4.2"
        }
      },
      "Polly.Extensions.Http": {
        "type": "CentralTransitive",
        "requested": "[3.0.0, )",
        "resolved": "3.0.0",
        "contentHash": "drrG+hB3pYFY7w1c3BD+lSGYvH2oIclH8GRSehgfyP5kjnFnHKQuuBhuHLv+PWyFuaTDyk/vfRpnxOzd11+J8g==",
        "dependencies": {
          "Polly": "7.1.0"
        }
      }
    }
  }
}